{"1.2.0",
[{<<"cuttlefish">>,
  {git,"git://github.com/ioolkos/cuttlefish.git",
       {ref,"4bd40e51d4b6a40e72e8454b8a7cd0b44a2bdda5"}},
  0},
 {<<"getopt">>,{pkg,<<"getopt">>,<<"1.0.2">>},1}]}.
[
{pkg_hash,[
 {<<"getopt">>, <<"33D9B44289FE7AD08627DDFE1D798E30B2DA0033B51DA1B3A2D64E72CD581D02">>}]},
{pkg_hash_ext,[
 {<<"getopt">>, <<"A0029AEA4322FB82A61F6876A6D9C66DC9878B6CB61FAA13DF3187384FD4EA26">>}]}
].
